// !$*UTF8*$!
{
	archiveVersion = 1;
	classes = {
	};
	objectVersion = 55;
	objects = {

/* Begin PBXBuildFile section */
		B8279D77278BB20700F5D4ED /* AppDelegate.swift in Sources */ = {isa = PBXBuildFile; fileRef = B8279D76278BB20700F5D4ED /* AppDelegate.swift */; };
		B8279D79278BB20700F5D4ED /* SceneDelegate.swift in Sources */ = {isa = PBXBuildFile; fileRef = B8279D78278BB20700F5D4ED /* SceneDelegate.swift */; };
		B8279D7B278BB20700F5D4ED /* ViewController.swift in Sources */ = {isa = PBXBuildFile; fileRef = B8279D7A278BB20700F5D4ED /* ViewController.swift */; };
		B8279D7E278BB20700F5D4ED /* Main.storyboard in Resources */ = {isa = PBXBuildFile; fileRef = B8279D7C278BB20700F5D4ED /* Main.storyboard */; };
		B8279D81278BB20700F5D4ED /* SeSAC_Week16.xcdatamodeld in Sources */ = {isa = PBXBuildFile; fileRef = B8279D7F278BB20700F5D4ED /* SeSAC_Week16.xcdatamodeld */; };
		B8279D83278BB20700F5D4ED /* Assets.xcassets in Resources */ = {isa = PBXBuildFile; fileRef = B8279D82278BB20700F5D4ED /* Assets.xcassets */; };
		B8279D86278BB20700F5D4ED /* LaunchScreen.storyboard in Resources */ = {isa = PBXBuildFile; fileRef = B8279D84278BB20700F5D4ED /* LaunchScreen.storyboard */; };
		B8279D8E278BD29800F5D4ED /* SwizzlingViewController.swift in Sources */ = {isa = PBXBuildFile; fileRef = B8279D8D278BD29800F5D4ED /* SwizzlingViewController.swift */; };
		B8528B8F278E5C430043A8E3 /* ConcurrencyViewController.swift in Sources */ = {isa = PBXBuildFile; fileRef = B8528B8E278E5C430043A8E3 /* ConcurrencyViewController.swift */; };
		B860E1C12790F9960068ACD1 /* SocketIO in Frameworks */ = {isa = PBXBuildFile; productRef = B860E1C02790F9960068ACD1 /* SocketIO */; };
		B860E1C42790F9AF0068ACD1 /* Alamofire in Frameworks */ = {isa = PBXBuildFile; productRef = B860E1C32790F9AF0068ACD1 /* Alamofire */; };
		B860E1C62791070A0068ACD1 /* SocketManager.swift in Sources */ = {isa = PBXBuildFile; fileRef = B860E1C52791070A0068ACD1 /* SocketManager.swift */; };
		B8E653D5278FA84500E1B222 /* ButtonViewController.swift in Sources */ = {isa = PBXBuildFile; fileRef = B8E653D4278FA84500E1B222 /* ButtonViewController.swift */; };
		B8E653D8278FA86C00E1B222 /* SnapKit in Frameworks */ = {isa = PBXBuildFile; productRef = B8E653D7278FA86C00E1B222 /* SnapKit */; };
		B8E653DA278FAE1B00E1B222 /* DetailViewController.swift in Sources */ = {isa = PBXBuildFile; fileRef = B8E653D9278FAE1B00E1B222 /* DetailViewController.swift */; };
		B8E653DC278FB6EE00E1B222 /* ChatViewController.swift in Sources */ = {isa = PBXBuildFile; fileRef = B8E653DB278FB6EE00E1B222 /* ChatViewController.swift */; };
		B8E653DE278FC89F00E1B222 /* ABIViewController.swift in Sources */ = {isa = PBXBuildFile; fileRef = B8E653DD278FC89F00E1B222 /* ABIViewController.swift */; };
/* End PBXBuildFile section */

/* Begin PBXFileReference section */
		B8279D73278BB20700F5D4ED /* SeSAC_Week16.app */ = {isa = PBXFileReference; explicitFileType = wrapper.application; includeInIndex = 0; path = SeSAC_Week16.app; sourceTree = BUILT_PRODUCTS_DIR; };
		B8279D76278BB20700F5D4ED /* AppDelegate.swift */ = {isa = PBXFileReference; lastKnownFileType = sourcecode.swift; path = AppDelegate.swift; sourceTree = "<group>"; };
		B8279D78278BB20700F5D4ED /* SceneDelegate.swift */ = {isa = PBXFileReference; lastKnownFileType = sourcecode.swift; path = SceneDelegate.swift; sourceTree = "<group>"; };
		B8279D7A278BB20700F5D4ED /* ViewController.swift */ = {isa = PBXFileReference; lastKnownFileType = sourcecode.swift; path = ViewController.swift; sourceTree = "<group>"; };
		B8279D7D278BB20700F5D4ED /* Base */ = {isa = PBXFileReference; lastKnownFileType = file.storyboard; name = Base; path = Base.lproj/Main.storyboard; sourceTree = "<group>"; };
		B8279D80278BB20700F5D4ED /* SeSAC_Week16.xcdatamodel */ = {isa = PBXFileReference; lastKnownFileType = wrapper.xcdatamodel; path = SeSAC_Week16.xcdatamodel; sourceTree = "<group>"; };
		B8279D82278BB20700F5D4ED /* Assets.xcassets */ = {isa = PBXFileReference; lastKnownFileType = folder.assetcatalog; path = Assets.xcassets; sourceTree = "<group>"; };
		B8279D85278BB20700F5D4ED /* Base */ = {isa = PBXFileReference; lastKnownFileType = file.storyboard; name = Base; path = Base.lproj/LaunchScreen.storyboard; sourceTree = "<group>"; };
		B8279D87278BB20700F5D4ED /* Info.plist */ = {isa = PBXFileReference; lastKnownFileType = text.plist.xml; path = Info.plist; sourceTree = "<group>"; };
		B8279D8D278BD29800F5D4ED /* SwizzlingViewController.swift */ = {isa = PBXFileReference; lastKnownFileType = sourcecode.swift; path = SwizzlingViewController.swift; sourceTree = "<group>"; };
		B8528B8E278E5C430043A8E3 /* ConcurrencyViewController.swift */ = {isa = PBXFileReference; lastKnownFileType = sourcecode.swift; path = ConcurrencyViewController.swift; sourceTree = "<group>"; };
		B860E1C52791070A0068ACD1 /* SocketManager.swift */ = {isa = PBXFileReference; lastKnownFileType = sourcecode.swift; path = SocketManager.swift; sourceTree = "<group>"; };
		B8E653D4278FA84500E1B222 /* ButtonViewController.swift */ = {isa = PBXFileReference; lastKnownFileType = sourcecode.swift; path = ButtonViewController.swift; sourceTree = "<group>"; };
		B8E653D9278FAE1B00E1B222 /* DetailViewController.swift */ = {isa = PBXFileReference; lastKnownFileType = sourcecode.swift; path = DetailViewController.swift; sourceTree = "<group>"; };
		B8E653DB278FB6EE00E1B222 /* ChatViewController.swift */ = {isa = PBXFileReference; lastKnownFileType = sourcecode.swift; path = ChatViewController.swift; sourceTree = "<group>"; };
		B8E653DD278FC89F00E1B222 /* ABIViewController.swift */ = {isa = PBXFileReference; lastKnownFileType = sourcecode.swift; path = ABIViewController.swift; sourceTree = "<group>"; };
/* End PBXFileReference section */

/* Begin PBXFrameworksBuildPhase section */
		B8279D70278BB20700F5D4ED /* Frameworks */ = {
			isa = PBXFrameworksBuildPhase;
			buildActionMask = 2147483647;
			files = (
				B860E1C42790F9AF0068ACD1 /* Alamofire in Frameworks */,
				B8E653D8278FA86C00E1B222 /* SnapKit in Frameworks */,
				B860E1C12790F9960068ACD1 /* SocketIO in Frameworks */,
			);
			runOnlyForDeploymentPostprocessing = 0;
		};
/* End PBXFrameworksBuildPhase section */

/* Begin PBXGroup section */
		B8279D6A278BB20700F5D4ED = {
			isa = PBXGroup;
			children = (
				B8279D75278BB20700F5D4ED /* SeSAC_Week16 */,
				B8279D74278BB20700F5D4ED /* Products */,
			);
			sourceTree = "<group>";
		};
		B8279D74278BB20700F5D4ED /* Products */ = {
			isa = PBXGroup;
			children = (
				B8279D73278BB20700F5D4ED /* SeSAC_Week16.app */,
			);
			name = Products;
			sourceTree = "<group>";
		};
		B8279D75278BB20700F5D4ED /* SeSAC_Week16 */ = {
			isa = PBXGroup;
			children = (
				B860E1C72791070E0068ACD1 /* 1.14 */,
				B8E653D3278FA83A00E1B222 /* 1.13 */,
				B8528B8D278E5C320043A8E3 /* 1.12 */,
				B8279D8F278BD29C00F5D4ED /* 1.10 */,
				B8279D78278BB20700F5D4ED /* SceneDelegate.swift */,
				B8279D82278BB20700F5D4ED /* Assets.xcassets */,
				B8279D84278BB20700F5D4ED /* LaunchScreen.storyboard */,
				B8279D87278BB20700F5D4ED /* Info.plist */,
				B8279D7F278BB20700F5D4ED /* SeSAC_Week16.xcdatamodeld */,
			);
			path = SeSAC_Week16;
			sourceTree = "<group>";
		};
		B8279D8F278BD29C00F5D4ED /* 1.10 */ = {
			isa = PBXGroup;
			children = (
				B8279D7A278BB20700F5D4ED /* ViewController.swift */,
				B8279D8D278BD29800F5D4ED /* SwizzlingViewController.swift */,
				B8279D76278BB20700F5D4ED /* AppDelegate.swift */,
			);
			path = 1.10;
			sourceTree = "<group>";
		};
		B8528B8D278E5C320043A8E3 /* 1.12 */ = {
			isa = PBXGroup;
			children = (
				B8279D7C278BB20700F5D4ED /* Main.storyboard */,
				B8528B8E278E5C430043A8E3 /* ConcurrencyViewController.swift */,
			);
			path = 1.12;
			sourceTree = "<group>";
		};
		B860E1C72791070E0068ACD1 /* 1.14 */ = {
			isa = PBXGroup;
			children = (
				B860E1C52791070A0068ACD1 /* SocketManager.swift */,
			);
			path = 1.14;
			sourceTree = "<group>";
		};
		B8E653D3278FA83A00E1B222 /* 1.13 */ = {
			isa = PBXGroup;
			children = (
				B8E653D4278FA84500E1B222 /* ButtonViewController.swift */,
				B8E653D9278FAE1B00E1B222 /* DetailViewController.swift */,
				B8E653DB278FB6EE00E1B222 /* ChatViewController.swift */,
				B8E653DD278FC89F00E1B222 /* ABIViewController.swift */,
			);
			path = 1.13;
			sourceTree = "<group>";
		};
/* End PBXGroup section */

/* Begin PBXNativeTarget section */
		B8279D72278BB20700F5D4ED /* SeSAC_Week16 */ = {
			isa = PBXNativeTarget;
			buildConfigurationList = B8279D8A278BB20700F5D4ED /* Build configuration list for PBXNativeTarget "SeSAC_Week16" */;
			buildPhases = (
				B8279D6F278BB20700F5D4ED /* Sources */,
				B8279D70278BB20700F5D4ED /* Frameworks */,
				B8279D71278BB20700F5D4ED /* Resources */,
			);
			buildRules = (
			);
			dependencies = (
			);
			name = SeSAC_Week16;
			packageProductDependencies = (
				B8E653D7278FA86C00E1B222 /* SnapKit */,
				B860E1C02790F9960068ACD1 /* SocketIO */,
				B860E1C32790F9AF0068ACD1 /* Alamofire */,
			);
			productName = SeSAC_Week16;
			productReference = B8279D73278BB20700F5D4ED /* SeSAC_Week16.app */;
			productType = "com.apple.product-type.application";
		};
/* End PBXNativeTarget section */

/* Begin PBXProject section */
		B8279D6B278BB20700F5D4ED /* Project object */ = {
			isa = PBXProject;
			attributes = {
				BuildIndependentTargetsInParallel = 1;
				LastSwiftUpdateCheck = 1300;
				LastUpgradeCheck = 1300;
				TargetAttributes = {
					B8279D72278BB20700F5D4ED = {
						CreatedOnToolsVersion = 13.0;
					};
				};
			};
			buildConfigurationList = B8279D6E278BB20700F5D4ED /* Build configuration list for PBXProject "SeSAC_Week16" */;
			compatibilityVersion = "Xcode 13.0";
			developmentRegion = en;
			hasScannedForEncodings = 0;
			knownRegions = (
				en,
				Base,
			);
			mainGroup = B8279D6A278BB20700F5D4ED;
			packageReferences = (
				B8E653D6278FA86C00E1B222 /* XCRemoteSwiftPackageReference "SnapKit" */,
				B860E1BF2790F9960068ACD1 /* XCRemoteSwiftPackageReference "socket.io-client-swift" */,
				B860E1C22790F9AF0068ACD1 /* XCRemoteSwiftPackageReference "Alamofire" */,
			);
			productRefGroup = B8279D74278BB20700F5D4ED /* Products */;
			projectDirPath = "";
			projectRoot = "";
			targets = (
				B8279D72278BB20700F5D4ED /* SeSAC_Week16 */,
			);
		};
/* End PBXProject section */

/* Begin PBXResourcesBuildPhase section */
		B8279D71278BB20700F5D4ED /* Resources */ = {
			isa = PBXResourcesBuildPhase;
			buildActionMask = 2147483647;
			files = (
				B8279D86278BB20700F5D4ED /* LaunchScreen.storyboard in Resources */,
				B8279D83278BB20700F5D4ED /* Assets.xcassets in Resources */,
				B8279D7E278BB20700F5D4ED /* Main.storyboard in Resources */,
			);
			runOnlyForDeploymentPostprocessing = 0;
		};
/* End PBXResourcesBuildPhase section */

/* Begin PBXSourcesBuildPhase section */
		B8279D6F278BB20700F5D4ED /* Sources */ = {
			isa = PBXSourcesBuildPhase;
			buildActionMask = 2147483647;
			files = (
				B8279D7B278BB20700F5D4ED /* ViewController.swift in Sources */,
				B8E653DE278FC89F00E1B222 /* ABIViewController.swift in Sources */,
				B8E653D5278FA84500E1B222 /* ButtonViewController.swift in Sources */,
				B8279D77278BB20700F5D4ED /* AppDelegate.swift in Sources */,
				B860E1C62791070A0068ACD1 /* SocketManager.swift in Sources */,
				B8279D81278BB20700F5D4ED /* SeSAC_Week16.xcdatamodeld in Sources */,
				B8279D79278BB20700F5D4ED /* SceneDelegate.swift in Sources */,
				B8528B8F278E5C430043A8E3 /* ConcurrencyViewController.swift in Sources */,
				B8279D8E278BD29800F5D4ED /* SwizzlingViewController.swift in Sources */,
				B8E653DC278FB6EE00E1B222 /* ChatViewController.swift in Sources */,
				B8E653DA278FAE1B00E1B222 /* DetailViewController.swift in Sources */,
			);
			runOnlyForDeploymentPostprocessing = 0;
		};
/* End PBXSourcesBuildPhase section */

/* Begin PBXVariantGroup section */
		B8279D7C278BB20700F5D4ED /* Main.storyboard */ = {
			isa = PBXVariantGroup;
			children = (
				B8279D7D278BB20700F5D4ED /* Base */,
			);
			name = Main.storyboard;
			sourceTree = "<group>";
		};
		B8279D84278BB20700F5D4ED /* LaunchScreen.storyboard */ = {
			isa = PBXVariantGroup;
			children = (
				B8279D85278BB20700F5D4ED /* Base */,
			);
			name = LaunchScreen.storyboard;
			sourceTree = "<group>";
		};
/* End PBXVariantGroup section */

/* Begin XCBuildConfiguration section */
		B8279D88278BB20700F5D4ED /* Debug */ = {
			isa = XCBuildConfiguration;
			buildSettings = {
				ALWAYS_SEARCH_USER_PATHS = NO;
				CLANG_ANALYZER_NONNULL = YES;
				CLANG_ANALYZER_NUMBER_OBJECT_CONVERSION = YES_AGGRESSIVE;
				CLANG_CXX_LANGUAGE_STANDARD = "gnu++17";
				CLANG_CXX_LIBRARY = "libc++";
				CLANG_ENABLE_MODULES = YES;
				CLANG_ENABLE_OBJC_ARC = YES;
				CLANG_ENABLE_OBJC_WEAK = YES;
				CLANG_WARN_BLOCK_CAPTURE_AUTORELEASING = YES;
				CLANG_WARN_BOOL_CONVERSION = YES;
				CLANG_WARN_COMMA = YES;
				CLANG_WARN_CONSTANT_CONVERSION = YES;
				CLANG_WARN_DEPRECATED_OBJC_IMPLEMENTATIONS = YES;
				CLANG_WARN_DIRECT_OBJC_ISA_USAGE = YES_ERROR;
				CLANG_WARN_DOCUMENTATION_COMMENTS = YES;
				CLANG_WARN_EMPTY_BODY = YES;
				CLANG_WARN_ENUM_CONVERSION = YES;
				CLANG_WARN_INFINITE_RECURSION = YES;
				CLANG_WARN_INT_CONVERSION = YES;
				CLANG_WARN_NON_LITERAL_NULL_CONVERSION = YES;
				CLANG_WARN_OBJC_IMPLICIT_RETAIN_SELF = YES;
				CLANG_WARN_OBJC_LITERAL_CONVERSION = YES;
				CLANG_WARN_OBJC_ROOT_CLASS = YES_ERROR;
				CLANG_WARN_QUOTED_INCLUDE_IN_FRAMEWORK_HEADER = YES;
				CLANG_WARN_RANGE_LOOP_ANALYSIS = YES;
				CLANG_WARN_STRICT_PROTOTYPES = YES;
				CLANG_WARN_SUSPICIOUS_MOVE = YES;
				CLANG_WARN_UNGUARDED_AVAILABILITY = YES_AGGRESSIVE;
				CLANG_WARN_UNREACHABLE_CODE = YES;
				CLANG_WARN__DUPLICATE_METHOD_MATCH = YES;
				COPY_PHASE_STRIP = NO;
				DEBUG_INFORMATION_FORMAT = dwarf;
				ENABLE_STRICT_OBJC_MSGSEND = YES;
				ENABLE_TESTABILITY = YES;
				GCC_C_LANGUAGE_STANDARD = gnu11;
				GCC_DYNAMIC_NO_PIC = NO;
				GCC_NO_COMMON_BLOCKS = YES;
				GCC_OPTIMIZATION_LEVEL = 0;
				GCC_PREPROCESSOR_DEFINITIONS = (
					"DEBUG=1",
					"$(inherited)",
				);
				GCC_WARN_64_TO_32_BIT_CONVERSION = YES;
				GCC_WARN_ABOUT_RETURN_TYPE = YES_ERROR;
				GCC_WARN_UNDECLARED_SELECTOR = YES;
				GCC_WARN_UNINITIALIZED_AUTOS = YES_AGGRESSIVE;
				GCC_WARN_UNUSED_FUNCTION = YES;
				GCC_WARN_UNUSED_VARIABLE = YES;
				IPHONEOS_DEPLOYMENT_TARGET = 15.0;
				MTL_ENABLE_DEBUG_INFO = INCLUDE_SOURCE;
				MTL_FAST_MATH = YES;
				ONLY_ACTIVE_ARCH = YES;
				SDKROOT = iphoneos;
				SWIFT_ACTIVE_COMPILATION_CONDITIONS = DEBUG;
				SWIFT_OPTIMIZATION_LEVEL = "-Onone";
			};
			name = Debug;
		};
		B8279D89278BB20700F5D4ED /* Release */ = {
			isa = XCBuildConfiguration;
			buildSettings = {
				ALWAYS_SEARCH_USER_PATHS = NO;
				CLANG_ANALYZER_NONNULL = YES;
				CLANG_ANALYZER_NUMBER_OBJECT_CONVERSION = YES_AGGRESSIVE;
				CLANG_CXX_LANGUAGE_STANDARD = "gnu++17";
				CLANG_CXX_LIBRARY = "libc++";
				CLANG_ENABLE_MODULES = YES;
				CLANG_ENABLE_OBJC_ARC = YES;
				CLANG_ENABLE_OBJC_WEAK = YES;
				CLANG_WARN_BLOCK_CAPTURE_AUTORELEASING = YES;
				CLANG_WARN_BOOL_CONVERSION = YES;
				CLANG_WARN_COMMA = YES;
				CLANG_WARN_CONSTANT_CONVERSION = YES;
				CLANG_WARN_DEPRECATED_OBJC_IMPLEMENTATIONS = YES;
				CLANG_WARN_DIRECT_OBJC_ISA_USAGE = YES_ERROR;
				CLANG_WARN_DOCUMENTATION_COMMENTS = YES;
				CLANG_WARN_EMPTY_BODY = YES;
				CLANG_WARN_ENUM_CONVERSION = YES;
				CLANG_WARN_INFINITE_RECURSION = YES;
				CLANG_WARN_INT_CONVERSION = YES;
				CLANG_WARN_NON_LITERAL_NULL_CONVERSION = YES;
				CLANG_WARN_OBJC_IMPLICIT_RETAIN_SELF = YES;
				CLANG_WARN_OBJC_LITERAL_CONVERSION = YES;
				CLANG_WARN_OBJC_ROOT_CLASS = YES_ERROR;
				CLANG_WARN_QUOTED_INCLUDE_IN_FRAMEWORK_HEADER = YES;
				CLANG_WARN_RANGE_LOOP_ANALYSIS = YES;
				CLANG_WARN_STRICT_PROTOTYPES = YES;
				CLANG_WARN_SUSPICIOUS_MOVE = YES;
				CLANG_WARN_UNGUARDED_AVAILABILITY = YES_AGGRESSIVE;
				CLANG_WARN_UNREACHABLE_CODE = YES;
				CLANG_WARN__DUPLICATE_METHOD_MATCH = YES;
				COPY_PHASE_STRIP = NO;
				DEBUG_INFORMATION_FORMAT = "dwarf-with-dsym";
				ENABLE_NS_ASSERTIONS = NO;
				ENABLE_STRICT_OBJC_MSGSEND = YES;
				GCC_C_LANGUAGE_STANDARD = gnu11;
				GCC_NO_COMMON_BLOCKS = YES;
				GCC_WARN_64_TO_32_BIT_CONVERSION = YES;
				GCC_WARN_ABOUT_RETURN_TYPE = YES_ERROR;
				GCC_WARN_UNDECLARED_SELECTOR = YES;
				GCC_WARN_UNINITIALIZED_AUTOS = YES_AGGRESSIVE;
				GCC_WARN_UNUSED_FUNCTION = YES;
				GCC_WARN_UNUSED_VARIABLE = YES;
				IPHONEOS_DEPLOYMENT_TARGET = 15.0;
				MTL_ENABLE_DEBUG_INFO = NO;
				MTL_FAST_MATH = YES;
				SDKROOT = iphoneos;
				SWIFT_COMPILATION_MODE = wholemodule;
				SWIFT_OPTIMIZATION_LEVEL = "-O";
				VALIDATE_PRODUCT = YES;
			};
			name = Release;
		};
		B8279D8B278BB20700F5D4ED /* Debug */ = {
			isa = XCBuildConfiguration;
			buildSettings = {
				ASSETCATALOG_COMPILER_APPICON_NAME = AppIcon;
				ASSETCATALOG_COMPILER_GLOBAL_ACCENT_COLOR_NAME = AccentColor;
				CODE_SIGN_STYLE = Automatic;
				CURRENT_PROJECT_VERSION = 1;
				DEVELOPMENT_TEAM = B849TJY5N4;
				GENERATE_INFOPLIST_FILE = YES;
				INFOPLIST_FILE = SeSAC_Week16/Info.plist;
				INFOPLIST_KEY_UIApplicationSupportsIndirectInputEvents = YES;
				INFOPLIST_KEY_UILaunchStoryboardName = LaunchScreen;
				INFOPLIST_KEY_UIMainStoryboardFile = Main;
				INFOPLIST_KEY_UISupportedInterfaceOrientations_iPad = "UIInterfaceOrientationPortrait UIInterfaceOrientationPortraitUpsideDown UIInterfaceOrientationLandscapeLeft UIInterfaceOrientationLandscapeRight";
				INFOPLIST_KEY_UISupportedInterfaceOrientations_iPhone = "UIInterfaceOrientationPortrait UIInterfaceOrientationLandscapeLeft UIInterfaceOrientationLandscapeRight";
				LD_RUNPATH_SEARCH_PATHS = (
					"$(inherited)",
					"@executable_path/Frameworks",
				);
				MARKETING_VERSION = 1.0;
				PRODUCT_BUNDLE_IDENTIFIER = "com.jihyeon.SeSAC-Week16";
				PRODUCT_NAME = "$(TARGET_NAME)";
				SWIFT_EMIT_LOC_STRINGS = YES;
				SWIFT_VERSION = 5.0;
				TARGETED_DEVICE_FAMILY = "1,2";
			};
			name = Debug;
		};
		B8279D8C278BB20700F5D4ED /* Release */ = {
			isa = XCBuildConfiguration;
			buildSettings = {
				ASSETCATALOG_COMPILER_APPICON_NAME = AppIcon;
				ASSETCATALOG_COMPILER_GLOBAL_ACCENT_COLOR_NAME = AccentColor;
				CODE_SIGN_STYLE = Automatic;
				CURRENT_PROJECT_VERSION = 1;
				DEVELOPMENT_TEAM = B849TJY5N4;
				GENERATE_INFOPLIST_FILE = YES;
				INFOPLIST_FILE = SeSAC_Week16/Info.plist;
				INFOPLIST_KEY_UIApplicationSupportsIndirectInputEvents = YES;
				INFOPLIST_KEY_UILaunchStoryboardName = LaunchScreen;
				INFOPLIST_KEY_UIMainStoryboardFile = Main;
				INFOPLIST_KEY_UISupportedInterfaceOrientations_iPad = "UIInterfaceOrientationPortrait UIInterfaceOrientationPortraitUpsideDown UIInterfaceOrientationLandscapeLeft UIInterfaceOrientationLandscapeRight";
				INFOPLIST_KEY_UISupportedInterfaceOrientations_iPhone = "UIInterfaceOrientationPortrait UIInterfaceOrientationLandscapeLeft UIInterfaceOrientationLandscapeRight";
				LD_RUNPATH_SEARCH_PATHS = (
					"$(inherited)",
					"@executable_path/Frameworks",
				);
				MARKETING_VERSION = 1.0;
				PRODUCT_BUNDLE_IDENTIFIER = "com.jihyeon.SeSAC-Week16";
				PRODUCT_NAME = "$(TARGET_NAME)";
				SWIFT_EMIT_LOC_STRINGS = YES;
				SWIFT_VERSION = 5.0;
				TARGETED_DEVICE_FAMILY = "1,2";
			};
			name = Release;
		};
/* End XCBuildConfiguration section */

/* Begin XCConfigurationList section */
		B8279D6E278BB20700F5D4ED /* Build configuration list for PBXProject "SeSAC_Week16" */ = {
			isa = XCConfigurationList;
			buildConfigurations = (
				B8279D88278BB20700F5D4ED /* Debug */,
				B8279D89278BB20700F5D4ED /* Release */,
			);
			defaultConfigurationIsVisible = 0;
			defaultConfigurationName = Release;
		};
		B8279D8A278BB20700F5D4ED /* Build configuration list for PBXNativeTarget "SeSAC_Week16" */ = {
			isa = XCConfigurationList;
			buildConfigurations = (
				B8279D8B278BB20700F5D4ED /* Debug */,
				B8279D8C278BB20700F5D4ED /* Release */,
			);
			defaultConfigurationIsVisible = 0;
			defaultConfigurationName = Release;
		};
/* End XCConfigurationList section */

/* Begin XCRemoteSwiftPackageReference section */
		B860E1BF2790F9960068ACD1 /* XCRemoteSwiftPackageReference "socket.io-client-swift" */ = {
			isa = XCRemoteSwiftPackageReference;
			repositoryURL = "https://github.com/socketio/socket.io-client-swift.git";
			requirement = {
				kind = exactVersion;
				version = 16.0.1;
			};
		};
		B860E1C22790F9AF0068ACD1 /* XCRemoteSwiftPackageReference "Alamofire" */ = {
			isa = XCRemoteSwiftPackageReference;
			repositoryURL = "https://github.com/Alamofire/Alamofire.git";
			requirement = {
				kind = upToNextMajorVersion;
				minimumVersion = 5.0.0;
			};
		};
		B8E653D6278FA86C00E1B222 /* XCRemoteSwiftPackageReference "SnapKit" */ = {
			isa = XCRemoteSwiftPackageReference;
			repositoryURL = "https://github.com/SnapKit/SnapKit.git";
			requirement = {
				kind = upToNextMajorVersion;
				minimumVersion = 5.0.0;
			};
		};
/* End XCRemoteSwiftPackageReference section */

/* Begin XCSwiftPackageProductDependency section */
		B860E1C02790F9960068ACD1 /* SocketIO */ = {
			isa = XCSwiftPackageProductDependency;
			package = B860E1BF2790F9960068ACD1 /* XCRemoteSwiftPackageReference "socket.io-client-swift" */;
			productName = SocketIO;
		};
		B860E1C32790F9AF0068ACD1 /* Alamofire */ = {
			isa = XCSwiftPackageProductDependency;
			package = B860E1C22790F9AF0068ACD1 /* XCRemoteSwiftPackageReference "Alamofire" */;
			productName = Alamofire;
		};
		B8E653D7278FA86C00E1B222 /* SnapKit */ = {
			isa = XCSwiftPackageProductDependency;
			package = B8E653D6278FA86C00E1B222 /* XCRemoteSwiftPackageReference "SnapKit" */;
			productName = SnapKit;
		};
/* End XCSwiftPackageProductDependency section */

/* Begin XCVersionGroup section */
		B8279D7F278BB20700F5D4ED /* SeSAC_Week16.xcdatamodeld */ = {
			isa = XCVersionGroup;
			children = (
				B8279D80278BB20700F5D4ED /* SeSAC_Week16.xcdatamodel */,
			);
			currentVersion = B8279D80278BB20700F5D4ED /* SeSAC_Week16.xcdatamodel */;
			path = SeSAC_Week16.xcdatamodeld;
			sourceTree = "<group>";
			versionGroupType = wrapper.xcdatamodel;
		};
/* End XCVersionGroup section */
	};
	rootObject = B8279D6B278BB20700F5D4ED /* Project object */;
}
